PODS:
  - MGActionStageSwift/ActionStageSwift (0.0.5)
  - MGActionStageSwift/MGActionStageSwift_Extension (0.0.5):
    - MGActionStageSwift/ActionStageSwift

DEPENDENCIES:
  - MGActionStageSwift/MGActionStageSwift_Extension (from `../`)

EXTERNAL SOURCES:
  MGActionStageSwift:
    :path: "../"

SPEC CHECKSUMS:
  MGActionStageSwift: dc17f725e6232a27af287cab25f8a6acf6201696

PODFILE CHECKSUM: 8462b426f6cf2985c66b8d313f78f75ebc5ccbe2

COCOAPODS: 1.5.3
